
Microsoft Visual Studio Solution File, Format Version 12.00
# Visual Studio Version 17
VisualStudioVersion = 17.8.34511.84
MinimumVisualStudioVersion = 10.0.40219.1
Project("{FAE04EC0-301F-11D3-BF4B-00C04F79EFBC}") = "MinWebPage", "MinWebPage.csproj", "{20042F94-F01C-4015-AEBB-87B922EAB128}"
EndProject
Global
	GlobalSection(SolutionConfigurationPlatforms) = preSolution
		Debug|Any CPU = Debug|Any CPU
		Release|Any CPU = Release|Any CPU
	EndGlobalSection
	GlobalSection(ProjectConfigurationPlatforms) = postSolution
		{20042F94-F01C-4015-AEBB-87B922EAB128}.Debug|Any CPU.ActiveCfg = Debug|Any CPU
		{20042F94-F01C-4015-AEBB-87B922EAB128}.Debug|Any CPU.Build.0 = Debug|Any CPU
		{20042F94-F01C-4015-AEBB-87B922EAB128}.Release|Any CPU.ActiveCfg = Release|Any CPU
		{20042F94-F01C-4015-AEBB-87B922EAB128}.Release|Any CPU.Build.0 = Release|Any CPU
	EndGlobalSection
	GlobalSection(SolutionProperties) = preSolution
		HideSolutionNode = FALSE
	EndGlobalSection
	GlobalSection(ExtensibilityGlobals) = postSolution
		SolutionGuid = {48907CC7-33B6-4BA4-8C4A-D96066EFA704}
	EndGlobalSection
EndGlobal
